
Microsoft Visual Studio Solution File, Format Version 12.00
# Visual Studio Version 16
VisualStudioVersion = 16.0.29613.14
MinimumVisualStudioVersion = 10.0.40219.1
Project("{FAE04EC0-301F-11D3-BF4B-00C04F79EFBC}") = "Homework4.8", "Homework4.8.csproj", "{E8BA33AD-6962-43B3-AC25-F1AA77335DE0}"
EndProject
Global
	GlobalSection(SolutionConfigurationPlatforms) = preSolution
		Debug|Any CPU = Debug|Any CPU
		Release|Any CPU = Release|Any CPU
	EndGlobalSection
	GlobalSection(ProjectConfigurationPlatforms) = postSolution
		{E8BA33AD-6962-43B3-AC25-F1AA77335DE0}.Debug|Any CPU.ActiveCfg = Debug|Any CPU
		{E8BA33AD-6962-43B3-AC25-F1AA77335DE0}.Debug|Any CPU.Build.0 = Debug|Any CPU
		{E8BA33AD-6962-43B3-AC25-F1AA77335DE0}.Release|Any CPU.ActiveCfg = Release|Any CPU
		{E8BA33AD-6962-43B3-AC25-F1AA77335DE0}.Release|Any CPU.Build.0 = Release|Any CPU
	EndGlobalSection
	GlobalSection(SolutionProperties) = preSolution
		HideSolutionNode = FALSE
	EndGlobalSection
	GlobalSection(ExtensibilityGlobals) = postSolution
		SolutionGuid = {2F048D41-3B81-44D5-B8F6-D1B06CD9922C}
	EndGlobalSection
EndGlobal
