
Microsoft Visual Studio Solution File, Format Version 12.00
# Visual Studio 15
VisualStudioVersion = 15.0.28307.421
MinimumVisualStudioVersion = 10.0.40219.1
Project("{FAE04EC0-301F-11D3-BF4B-00C04F79EFBC}") = "Homework4.2", "Homework4.2.csproj", "{60189609-3D47-4936-B9D7-746F455454CE}"
EndProject
Project("{FAE04EC0-301F-11D3-BF4B-00C04F79EFBC}") = "Homework4.1", "..\Homework4.1\Homework4.1.csproj", "{F1FA1384-19C3-43B5-8900-E45234AFF3EE}"
EndProject
Global
	GlobalSection(SolutionConfigurationPlatforms) = preSolution
		Debug|Any CPU = Debug|Any CPU
		Release|Any CPU = Release|Any CPU
	EndGlobalSection
	GlobalSection(ProjectConfigurationPlatforms) = postSolution
		{60189609-3D47-4936-B9D7-746F455454CE}.Debug|Any CPU.ActiveCfg = Debug|Any CPU
		{60189609-3D47-4936-B9D7-746F455454CE}.Debug|Any CPU.Build.0 = Debug|Any CPU
		{60189609-3D47-4936-B9D7-746F455454CE}.Release|Any CPU.ActiveCfg = Release|Any CPU
		{60189609-3D47-4936-B9D7-746F455454CE}.Release|Any CPU.Build.0 = Release|Any CPU
		{F1FA1384-19C3-43B5-8900-E45234AFF3EE}.Debug|Any CPU.ActiveCfg = Debug|Any CPU
		{F1FA1384-19C3-43B5-8900-E45234AFF3EE}.Debug|Any CPU.Build.0 = Debug|Any CPU
		{F1FA1384-19C3-43B5-8900-E45234AFF3EE}.Release|Any CPU.ActiveCfg = Release|Any CPU
		{F1FA1384-19C3-43B5-8900-E45234AFF3EE}.Release|Any CPU.Build.0 = Release|Any CPU
	EndGlobalSection
	GlobalSection(SolutionProperties) = preSolution
		HideSolutionNode = FALSE
	EndGlobalSection
	GlobalSection(ExtensibilityGlobals) = postSolution
		SolutionGuid = {7CCF1422-8085-421A-87FE-B05465EC9722}
	EndGlobalSection
EndGlobal
